# This file is automatically @generated by Cargo.
# It is not intended for manual editing.
version = 4

[[package]]
name = "skp-bake"
version = "0.1.0"

[[package]]
name = "skp-export"
version = "0.1.0"

[[package]]
name = "skp-io"
version = "0.1.0"

[[package]]
name = "skp-repair"
version = "0.1.0"

[[package]]
name = "skp-retopo"
version = "0.1.0"

[[package]]
name = "skp-uv"
version = "0.1.0"

[[package]]
name = "skpforge-cli"
version = "0.1.0"

[[package]]
name = "skpforge-ui"
version = "0.1.0"
